// !$*UTF8*$!
{
	archiveVersion = 1;
	classes = {
	};
	objectVersion = 56;
	objects = {

/* Begin PBXBuildFile section */
		FF0C6ADB2C630DDC006A527B /* WindmillWaterV5App.swift in Sources */ = {isa = PBXBuildFile; fileRef = FF0C6ADA2C630DDC006A527B /* WindmillWaterV5App.swift */; };
		FF0C6ADD2C630DDC006A527B /* ContentView.swift in Sources */ = {isa = PBXBuildFile; fileRef = FF0C6ADC2C630DDC006A527B /* ContentView.swift */; };
		FF0C6ADF2C630DDE006A527B /* Assets.xcassets in Resources */ = {isa = PBXBuildFile; fileRef = FF0C6ADE2C630DDE006A527B /* Assets.xcassets */; };
		FF0C6AE22C630DDE006A527B /* Preview Assets.xcassets in Resources */ = {isa = PBXBuildFile; fileRef = FF0C6AE12C630DDE006A527B /* Preview Assets.xcassets */; };
		FF0C6AE42C630DDE006A527B /* Persistence.swift in Sources */ = {isa = PBXBuildFile; fileRef = FF0C6AE32C630DDE006A527B /* Persistence.swift */; };
		FF0C6AE72C630DDE006A527B /* WindmillWaterV5.xcdatamodeld in Sources */ = {isa = PBXBuildFile; fileRef = FF0C6AE52C630DDE006A527B /* WindmillWaterV5.xcdatamodeld */; };
		FF0C6AEF2C630EAD006A527B /* FirebaseAnalytics in Frameworks */ = {isa = PBXBuildFile; productRef = FF0C6AEE2C630EAD006A527B /* FirebaseAnalytics */; };
		FF0C6AF12C630EAD006A527B /* FirebaseAnalyticsOnDeviceConversion in Frameworks */ = {isa = PBXBuildFile; productRef = FF0C6AF02C630EAD006A527B /* FirebaseAnalyticsOnDeviceConversion */; };
		FF0C6AF32C630EAD006A527B /* FirebaseAnalyticsWithoutAdIdSupport in Frameworks */ = {isa = PBXBuildFile; productRef = FF0C6AF22C630EAD006A527B /* FirebaseAnalyticsWithoutAdIdSupport */; };
		FF0C6AF52C630EAD006A527B /* FirebaseAppCheck in Frameworks */ = {isa = PBXBuildFile; productRef = FF0C6AF42C630EAD006A527B /* FirebaseAppCheck */; };
		FF0C6AF72C630EAD006A527B /* FirebaseAppDistribution-Beta in Frameworks */ = {isa = PBXBuildFile; productRef = FF0C6AF62C630EAD006A527B /* FirebaseAppDistribution-Beta */; };
		FF0C6AF92C630EAD006A527B /* FirebaseAuth in Frameworks */ = {isa = PBXBuildFile; productRef = FF0C6AF82C630EAD006A527B /* FirebaseAuth */; };
		FF0C6AFB2C630EAD006A527B /* FirebaseAuthCombine-Community in Frameworks */ = {isa = PBXBuildFile; productRef = FF0C6AFA2C630EAD006A527B /* FirebaseAuthCombine-Community */; };
		FF0C6AFD2C630EAD006A527B /* FirebaseCrashlytics in Frameworks */ = {isa = PBXBuildFile; productRef = FF0C6AFC2C630EAD006A527B /* FirebaseCrashlytics */; };
		FF0C6AFF2C630EAD006A527B /* FirebaseDatabase in Frameworks */ = {isa = PBXBuildFile; productRef = FF0C6AFE2C630EAD006A527B /* FirebaseDatabase */; };
		FF0C6B012C630EAD006A527B /* FirebaseDynamicLinks in Frameworks */ = {isa = PBXBuildFile; productRef = FF0C6B002C630EAD006A527B /* FirebaseDynamicLinks */; };
		FF0C6B032C630EAD006A527B /* FirebaseFirestore in Frameworks */ = {isa = PBXBuildFile; productRef = FF0C6B022C630EAD006A527B /* FirebaseFirestore */; };
		FF0C6B052C630EAD006A527B /* FirebaseFirestoreCombine-Community in Frameworks */ = {isa = PBXBuildFile; productRef = FF0C6B042C630EAD006A527B /* FirebaseFirestoreCombine-Community */; };
		FF0C6B072C630EAD006A527B /* FirebaseFunctions in Frameworks */ = {isa = PBXBuildFile; productRef = FF0C6B062C630EAD006A527B /* FirebaseFunctions */; };
		FF0C6B092C630EAD006A527B /* FirebaseFunctionsCombine-Community in Frameworks */ = {isa = PBXBuildFile; productRef = FF0C6B082C630EAD006A527B /* FirebaseFunctionsCombine-Community */; };
		FF0C6B0B2C630EAD006A527B /* FirebaseInAppMessaging-Beta in Frameworks */ = {isa = PBXBuildFile; productRef = FF0C6B0A2C630EAD006A527B /* FirebaseInAppMessaging-Beta */; };
		FF0C6B0D2C630EAD006A527B /* FirebaseInstallations in Frameworks */ = {isa = PBXBuildFile; productRef = FF0C6B0C2C630EAD006A527B /* FirebaseInstallations */; };
		FF0C6B0F2C630EAD006A527B /* FirebaseMLModelDownloader in Frameworks */ = {isa = PBXBuildFile; productRef = FF0C6B0E2C630EAD006A527B /* FirebaseMLModelDownloader */; };
		FF0C6B112C630EAD006A527B /* FirebaseMessaging in Frameworks */ = {isa = PBXBuildFile; productRef = FF0C6B102C630EAD006A527B /* FirebaseMessaging */; };
		FF0C6B132C630EAD006A527B /* FirebasePerformance in Frameworks */ = {isa = PBXBuildFile; productRef = FF0C6B122C630EAD006A527B /* FirebasePerformance */; };
		FF0C6B152C630EAD006A527B /* FirebaseRemoteConfig in Frameworks */ = {isa = PBXBuildFile; productRef = FF0C6B142C630EAD006A527B /* FirebaseRemoteConfig */; };
		FF0C6B172C630EAD006A527B /* FirebaseStorage in Frameworks */ = {isa = PBXBuildFile; productRef = FF0C6B162C630EAD006A527B /* FirebaseStorage */; };
		FF0C6B192C630EAD006A527B /* FirebaseStorageCombine-Community in Frameworks */ = {isa = PBXBuildFile; productRef = FF0C6B182C630EAD006A527B /* FirebaseStorageCombine-Community */; };
		FF0C6B1B2C630EAD006A527B /* FirebaseVertexAI-Preview in Frameworks */ = {isa = PBXBuildFile; productRef = FF0C6B1A2C630EAD006A527B /* FirebaseVertexAI-Preview */; };
		FF0C6B1D2C630F3B006A527B /* GoogleService-Info.plist in Resources */ = {isa = PBXBuildFile; fileRef = FF0C6B1C2C630F3B006A527B /* GoogleService-Info.plist */; };
/* End PBXBuildFile section */

/* Begin PBXFileReference section */
		FF0C6AD72C630DDC006A527B /* WindmillWaterV5.app */ = {isa = PBXFileReference; explicitFileType = wrapper.application; includeInIndex = 0; path = WindmillWaterV5.app; sourceTree = BUILT_PRODUCTS_DIR; };
		FF0C6ADA2C630DDC006A527B /* WindmillWaterV5App.swift */ = {isa = PBXFileReference; lastKnownFileType = sourcecode.swift; path = WindmillWaterV5App.swift; sourceTree = "<group>"; };
		FF0C6ADC2C630DDC006A527B /* ContentView.swift */ = {isa = PBXFileReference; lastKnownFileType = sourcecode.swift; path = ContentView.swift; sourceTree = "<group>"; };
		FF0C6ADE2C630DDE006A527B /* Assets.xcassets */ = {isa = PBXFileReference; lastKnownFileType = folder.assetcatalog; path = Assets.xcassets; sourceTree = "<group>"; };
		FF0C6AE12C630DDE006A527B /* Preview Assets.xcassets */ = {isa = PBXFileReference; lastKnownFileType = folder.assetcatalog; path = "Preview Assets.xcassets"; sourceTree = "<group>"; };
		FF0C6AE32C630DDE006A527B /* Persistence.swift */ = {isa = PBXFileReference; lastKnownFileType = sourcecode.swift; path = Persistence.swift; sourceTree = "<group>"; };
		FF0C6AE62C630DDE006A527B /* WindmillWaterV5.xcdatamodel */ = {isa = PBXFileReference; lastKnownFileType = wrapper.xcdatamodel; path = WindmillWaterV5.xcdatamodel; sourceTree = "<group>"; };
		FF0C6B1C2C630F3B006A527B /* GoogleService-Info.plist */ = {isa = PBXFileReference; fileEncoding = 4; lastKnownFileType = text.plist.xml; path = "GoogleService-Info.plist"; sourceTree = "<group>"; };
/* End PBXFileReference section */

/* Begin PBXFrameworksBuildPhase section */
		FF0C6AD42C630DDC006A527B /* Frameworks */ = {
			isa = PBXFrameworksBuildPhase;
			buildActionMask = 2147483647;
			files = (
				FF0C6B192C630EAD006A527B /* FirebaseStorageCombine-Community in Frameworks */,
				FF0C6B112C630EAD006A527B /* FirebaseMessaging in Frameworks */,
				FF0C6B0F2C630EAD006A527B /* FirebaseMLModelDownloader in Frameworks */,
				FF0C6AF52C630EAD006A527B /* FirebaseAppCheck in Frameworks */,
				FF0C6AF92C630EAD006A527B /* FirebaseAuth in Frameworks */,
				FF0C6AEF2C630EAD006A527B /* FirebaseAnalytics in Frameworks */,
				FF0C6AF72C630EAD006A527B /* FirebaseAppDistribution-Beta in Frameworks */,
				FF0C6AF32C630EAD006A527B /* FirebaseAnalyticsWithoutAdIdSupport in Frameworks */,
				FF0C6AFD2C630EAD006A527B /* FirebaseCrashlytics in Frameworks */,
				FF0C6AFF2C630EAD006A527B /* FirebaseDatabase in Frameworks */,
				FF0C6B092C630EAD006A527B /* FirebaseFunctionsCombine-Community in Frameworks */,
				FF0C6AFB2C630EAD006A527B /* FirebaseAuthCombine-Community in Frameworks */,
				FF0C6B172C630EAD006A527B /* FirebaseStorage in Frameworks */,
				FF0C6AF12C630EAD006A527B /* FirebaseAnalyticsOnDeviceConversion in Frameworks */,
				FF0C6B072C630EAD006A527B /* FirebaseFunctions in Frameworks */,
				FF0C6B0D2C630EAD006A527B /* FirebaseInstallations in Frameworks */,
				FF0C6B132C630EAD006A527B /* FirebasePerformance in Frameworks */,
				FF0C6B052C630EAD006A527B /* FirebaseFirestoreCombine-Community in Frameworks */,
				FF0C6B032C630EAD006A527B /* FirebaseFirestore in Frameworks */,
				FF0C6B012C630EAD006A527B /* FirebaseDynamicLinks in Frameworks */,
				FF0C6B0B2C630EAD006A527B /* FirebaseInAppMessaging-Beta in Frameworks */,
				FF0C6B1B2C630EAD006A527B /* FirebaseVertexAI-Preview in Frameworks */,
				FF0C6B152C630EAD006A527B /* FirebaseRemoteConfig in Frameworks */,
			);
			runOnlyForDeploymentPostprocessing = 0;
		};
/* End PBXFrameworksBuildPhase section */

/* Begin PBXGroup section */
		FF0C6ACE2C630DDC006A527B = {
			isa = PBXGroup;
			children = (
				FF0C6AD92C630DDC006A527B /* WindmillWaterV5 */,
				FF0C6AD82C630DDC006A527B /* Products */,
			);
			sourceTree = "<group>";
		};
		FF0C6AD82C630DDC006A527B /* Products */ = {
			isa = PBXGroup;
			children = (
				FF0C6AD72C630DDC006A527B /* WindmillWaterV5.app */,
			);
			name = Products;
			sourceTree = "<group>";
		};
		FF0C6AD92C630DDC006A527B /* WindmillWaterV5 */ = {
			isa = PBXGroup;
			children = (
				FF0C6B1C2C630F3B006A527B /* GoogleService-Info.plist */,
				FF0C6ADA2C630DDC006A527B /* WindmillWaterV5App.swift */,
				FF0C6ADC2C630DDC006A527B /* ContentView.swift */,
				FF0C6ADE2C630DDE006A527B /* Assets.xcassets */,
				FF0C6AE32C630DDE006A527B /* Persistence.swift */,
				FF0C6AE52C630DDE006A527B /* WindmillWaterV5.xcdatamodeld */,
				FF0C6AE02C630DDE006A527B /* Preview Content */,
			);
			path = WindmillWaterV5;
			sourceTree = "<group>";
		};
		FF0C6AE02C630DDE006A527B /* Preview Content */ = {
			isa = PBXGroup;
			children = (
				FF0C6AE12C630DDE006A527B /* Preview Assets.xcassets */,
			);
			path = "Preview Content";
			sourceTree = "<group>";
		};
/* End PBXGroup section */

/* Begin PBXNativeTarget section */
		FF0C6AD62C630DDC006A527B /* WindmillWaterV5 */ = {
			isa = PBXNativeTarget;
			buildConfigurationList = FF0C6AEA2C630DDE006A527B /* Build configuration list for PBXNativeTarget "WindmillWaterV5" */;
			buildPhases = (
				FF0C6AD32C630DDC006A527B /* Sources */,
				FF0C6AD42C630DDC006A527B /* Frameworks */,
				FF0C6AD52C630DDC006A527B /* Resources */,
			);
			buildRules = (
			);
			dependencies = (
			);
			name = WindmillWaterV5;
			packageProductDependencies = (
				FF0C6AEE2C630EAD006A527B /* FirebaseAnalytics */,
				FF0C6AF02C630EAD006A527B /* FirebaseAnalyticsOnDeviceConversion */,
				FF0C6AF22C630EAD006A527B /* FirebaseAnalyticsWithoutAdIdSupport */,
				FF0C6AF42C630EAD006A527B /* FirebaseAppCheck */,
				FF0C6AF62C630EAD006A527B /* FirebaseAppDistribution-Beta */,
				FF0C6AF82C630EAD006A527B /* FirebaseAuth */,
				FF0C6AFA2C630EAD006A527B /* FirebaseAuthCombine-Community */,
				FF0C6AFC2C630EAD006A527B /* FirebaseCrashlytics */,
				FF0C6AFE2C630EAD006A527B /* FirebaseDatabase */,
				FF0C6B002C630EAD006A527B /* FirebaseDynamicLinks */,
				FF0C6B022C630EAD006A527B /* FirebaseFirestore */,
				FF0C6B042C630EAD006A527B /* FirebaseFirestoreCombine-Community */,
				FF0C6B062C630EAD006A527B /* FirebaseFunctions */,
				FF0C6B082C630EAD006A527B /* FirebaseFunctionsCombine-Community */,
				FF0C6B0A2C630EAD006A527B /* FirebaseInAppMessaging-Beta */,
				FF0C6B0C2C630EAD006A527B /* FirebaseInstallations */,
				FF0C6B0E2C630EAD006A527B /* FirebaseMLModelDownloader */,
				FF0C6B102C630EAD006A527B /* FirebaseMessaging */,
				FF0C6B122C630EAD006A527B /* FirebasePerformance */,
				FF0C6B142C630EAD006A527B /* FirebaseRemoteConfig */,
				FF0C6B162C630EAD006A527B /* FirebaseStorage */,
				FF0C6B182C630EAD006A527B /* FirebaseStorageCombine-Community */,
				FF0C6B1A2C630EAD006A527B /* FirebaseVertexAI-Preview */,
			);
			productName = WindmillWaterV5;
			productReference = FF0C6AD72C630DDC006A527B /* WindmillWaterV5.app */;
			productType = "com.apple.product-type.application";
		};
/* End PBXNativeTarget section */

/* Begin PBXProject section */
		FF0C6ACF2C630DDC006A527B /* Project object */ = {
			isa = PBXProject;
			attributes = {
				BuildIndependentTargetsInParallel = 1;
				LastSwiftUpdateCheck = 1520;
				LastUpgradeCheck = 1520;
				TargetAttributes = {
					FF0C6AD62C630DDC006A527B = {
						CreatedOnToolsVersion = 15.2;
					};
				};
			};
			buildConfigurationList = FF0C6AD22C630DDC006A527B /* Build configuration list for PBXProject "WindmillWaterV5" */;
			compatibilityVersion = "Xcode 14.0";
			developmentRegion = en;
			hasScannedForEncodings = 0;
			knownRegions = (
				en,
				Base,
			);
			mainGroup = FF0C6ACE2C630DDC006A527B;
			packageReferences = (
				FF0C6AED2C630EAD006A527B /* XCRemoteSwiftPackageReference "firebase-ios-sdk" */,
			);
			productRefGroup = FF0C6AD82C630DDC006A527B /* Products */;
			projectDirPath = "";
			projectRoot = "";
			targets = (
				FF0C6AD62C630DDC006A527B /* WindmillWaterV5 */,
			);
		};
/* End PBXProject section */

/* Begin PBXResourcesBuildPhase section */
		FF0C6AD52C630DDC006A527B /* Resources */ = {
			isa = PBXResourcesBuildPhase;
			buildActionMask = 2147483647;
			files = (
				FF0C6AE22C630DDE006A527B /* Preview Assets.xcassets in Resources */,
				FF0C6ADF2C630DDE006A527B /* Assets.xcassets in Resources */,
				FF0C6B1D2C630F3B006A527B /* GoogleService-Info.plist in Resources */,
			);
			runOnlyForDeploymentPostprocessing = 0;
		};
/* End PBXResourcesBuildPhase section */

/* Begin PBXSourcesBuildPhase section */
		FF0C6AD32C630DDC006A527B /* Sources */ = {
			isa = PBXSourcesBuildPhase;
			buildActionMask = 2147483647;
			files = (
				FF0C6AE42C630DDE006A527B /* Persistence.swift in Sources */,
				FF0C6ADD2C630DDC006A527B /* ContentView.swift in Sources */,
				FF0C6AE72C630DDE006A527B /* WindmillWaterV5.xcdatamodeld in Sources */,
				FF0C6ADB2C630DDC006A527B /* WindmillWaterV5App.swift in Sources */,
			);
			runOnlyForDeploymentPostprocessing = 0;
		};
/* End PBXSourcesBuildPhase section */

/* Begin XCBuildConfiguration section */
		FF0C6AE82C630DDE006A527B /* Debug */ = {
			isa = XCBuildConfiguration;
			buildSettings = {
				ALWAYS_SEARCH_USER_PATHS = NO;
				ASSETCATALOG_COMPILER_GENERATE_SWIFT_ASSET_SYMBOL_EXTENSIONS = YES;
				CLANG_ANALYZER_NONNULL = YES;
				CLANG_ANALYZER_NUMBER_OBJECT_CONVERSION = YES_AGGRESSIVE;
				CLANG_CXX_LANGUAGE_STANDARD = "gnu++20";
				CLANG_ENABLE_MODULES = YES;
				CLANG_ENABLE_OBJC_ARC = YES;
				CLANG_ENABLE_OBJC_WEAK = YES;
				CLANG_WARN_BLOCK_CAPTURE_AUTORELEASING = YES;
				CLANG_WARN_BOOL_CONVERSION = YES;
				CLANG_WARN_COMMA = YES;
				CLANG_WARN_CONSTANT_CONVERSION = YES;
				CLANG_WARN_DEPRECATED_OBJC_IMPLEMENTATIONS = YES;
				CLANG_WARN_DIRECT_OBJC_ISA_USAGE = YES_ERROR;
				CLANG_WARN_DOCUMENTATION_COMMENTS = YES;
				CLANG_WARN_EMPTY_BODY = YES;
				CLANG_WARN_ENUM_CONVERSION = YES;
				CLANG_WARN_INFINITE_RECURSION = YES;
				CLANG_WARN_INT_CONVERSION = YES;
				CLANG_WARN_NON_LITERAL_NULL_CONVERSION = YES;
				CLANG_WARN_OBJC_IMPLICIT_RETAIN_SELF = YES;
				CLANG_WARN_OBJC_LITERAL_CONVERSION = YES;
				CLANG_WARN_OBJC_ROOT_CLASS = YES_ERROR;
				CLANG_WARN_QUOTED_INCLUDE_IN_FRAMEWORK_HEADER = YES;
				CLANG_WARN_RANGE_LOOP_ANALYSIS = YES;
				CLANG_WARN_STRICT_PROTOTYPES = YES;
				CLANG_WARN_SUSPICIOUS_MOVE = YES;
				CLANG_WARN_UNGUARDED_AVAILABILITY = YES_AGGRESSIVE;
				CLANG_WARN_UNREACHABLE_CODE = YES;
				CLANG_WARN__DUPLICATE_METHOD_MATCH = YES;
				COPY_PHASE_STRIP = NO;
				DEBUG_INFORMATION_FORMAT = dwarf;
				ENABLE_STRICT_OBJC_MSGSEND = YES;
				ENABLE_TESTABILITY = YES;
				ENABLE_USER_SCRIPT_SANDBOXING = YES;
				GCC_C_LANGUAGE_STANDARD = gnu17;
				GCC_DYNAMIC_NO_PIC = NO;
				GCC_NO_COMMON_BLOCKS = YES;
				GCC_OPTIMIZATION_LEVEL = 0;
				GCC_PREPROCESSOR_DEFINITIONS = (
					"DEBUG=1",
					"$(inherited)",
				);
				GCC_WARN_64_TO_32_BIT_CONVERSION = YES;
				GCC_WARN_ABOUT_RETURN_TYPE = YES_ERROR;
				GCC_WARN_UNDECLARED_SELECTOR = YES;
				GCC_WARN_UNINITIALIZED_AUTOS = YES_AGGRESSIVE;
				GCC_WARN_UNUSED_FUNCTION = YES;
				GCC_WARN_UNUSED_VARIABLE = YES;
				IPHONEOS_DEPLOYMENT_TARGET = 17.2;
				LOCALIZATION_PREFERS_STRING_CATALOGS = YES;
				MTL_ENABLE_DEBUG_INFO = INCLUDE_SOURCE;
				MTL_FAST_MATH = YES;
				ONLY_ACTIVE_ARCH = YES;
				SDKROOT = iphoneos;
				SWIFT_ACTIVE_COMPILATION_CONDITIONS = "DEBUG $(inherited)";
				SWIFT_OPTIMIZATION_LEVEL = "-Onone";
			};
			name = Debug;
		};
		FF0C6AE92C630DDE006A527B /* Release */ = {
			isa = XCBuildConfiguration;
			buildSettings = {
				ALWAYS_SEARCH_USER_PATHS = NO;
				ASSETCATALOG_COMPILER_GENERATE_SWIFT_ASSET_SYMBOL_EXTENSIONS = YES;
				CLANG_ANALYZER_NONNULL = YES;
				CLANG_ANALYZER_NUMBER_OBJECT_CONVERSION = YES_AGGRESSIVE;
				CLANG_CXX_LANGUAGE_STANDARD = "gnu++20";
				CLANG_ENABLE_MODULES = YES;
				CLANG_ENABLE_OBJC_ARC = YES;
				CLANG_ENABLE_OBJC_WEAK = YES;
				CLANG_WARN_BLOCK_CAPTURE_AUTORELEASING = YES;
				CLANG_WARN_BOOL_CONVERSION = YES;
				CLANG_WARN_COMMA = YES;
				CLANG_WARN_CONSTANT_CONVERSION = YES;
				CLANG_WARN_DEPRECATED_OBJC_IMPLEMENTATIONS = YES;
				CLANG_WARN_DIRECT_OBJC_ISA_USAGE = YES_ERROR;
				CLANG_WARN_DOCUMENTATION_COMMENTS = YES;
				CLANG_WARN_EMPTY_BODY = YES;
				CLANG_WARN_ENUM_CONVERSION = YES;
				CLANG_WARN_INFINITE_RECURSION = YES;
				CLANG_WARN_INT_CONVERSION = YES;
				CLANG_WARN_NON_LITERAL_NULL_CONVERSION = YES;
				CLANG_WARN_OBJC_IMPLICIT_RETAIN_SELF = YES;
				CLANG_WARN_OBJC_LITERAL_CONVERSION = YES;
				CLANG_WARN_OBJC_ROOT_CLASS = YES_ERROR;
				CLANG_WARN_QUOTED_INCLUDE_IN_FRAMEWORK_HEADER = YES;
				CLANG_WARN_RANGE_LOOP_ANALYSIS = YES;
				CLANG_WARN_STRICT_PROTOTYPES = YES;
				CLANG_WARN_SUSPICIOUS_MOVE = YES;
				CLANG_WARN_UNGUARDED_AVAILABILITY = YES_AGGRESSIVE;
				CLANG_WARN_UNREACHABLE_CODE = YES;
				CLANG_WARN__DUPLICATE_METHOD_MATCH = YES;
				COPY_PHASE_STRIP = NO;
				DEBUG_INFORMATION_FORMAT = "dwarf-with-dsym";
				ENABLE_NS_ASSERTIONS = NO;
				ENABLE_STRICT_OBJC_MSGSEND = YES;
				ENABLE_USER_SCRIPT_SANDBOXING = YES;
				GCC_C_LANGUAGE_STANDARD = gnu17;
				GCC_NO_COMMON_BLOCKS = YES;
				GCC_WARN_64_TO_32_BIT_CONVERSION = YES;
				GCC_WARN_ABOUT_RETURN_TYPE = YES_ERROR;
				GCC_WARN_UNDECLARED_SELECTOR = YES;
				GCC_WARN_UNINITIALIZED_AUTOS = YES_AGGRESSIVE;
				GCC_WARN_UNUSED_FUNCTION = YES;
				GCC_WARN_UNUSED_VARIABLE = YES;
				IPHONEOS_DEPLOYMENT_TARGET = 17.2;
				LOCALIZATION_PREFERS_STRING_CATALOGS = YES;
				MTL_ENABLE_DEBUG_INFO = NO;
				MTL_FAST_MATH = YES;
				SDKROOT = iphoneos;
				SWIFT_COMPILATION_MODE = wholemodule;
				VALIDATE_PRODUCT = YES;
			};
			name = Release;
		};
		FF0C6AEB2C630DDE006A527B /* Debug */ = {
			isa = XCBuildConfiguration;
			buildSettings = {
				ASSETCATALOG_COMPILER_APPICON_NAME = AppIcon;
				ASSETCATALOG_COMPILER_GLOBAL_ACCENT_COLOR_NAME = AccentColor;
				CODE_SIGN_STYLE = Automatic;
				CURRENT_PROJECT_VERSION = 1;
				DEVELOPMENT_ASSET_PATHS = "\"WindmillWaterV5/Preview Content\"";
				ENABLE_PREVIEWS = YES;
				GENERATE_INFOPLIST_FILE = YES;
				INFOPLIST_KEY_UIApplicationSceneManifest_Generation = YES;
				INFOPLIST_KEY_UIApplicationSupportsIndirectInputEvents = YES;
				INFOPLIST_KEY_UILaunchScreen_Generation = YES;
				INFOPLIST_KEY_UISupportedInterfaceOrientations_iPad = "UIInterfaceOrientationPortrait UIInterfaceOrientationPortraitUpsideDown UIInterfaceOrientationLandscapeLeft UIInterfaceOrientationLandscapeRight";
				INFOPLIST_KEY_UISupportedInterfaceOrientations_iPhone = "UIInterfaceOrientationPortrait UIInterfaceOrientationLandscapeLeft UIInterfaceOrientationLandscapeRight";
				LD_RUNPATH_SEARCH_PATHS = (
					"$(inherited)",
					"@executable_path/Frameworks",
				);
				MARKETING_VERSION = 1.0;
				PRODUCT_BUNDLE_IDENTIFIER = "Windmill-Water.WindmillWaterV5";
				PRODUCT_NAME = "$(TARGET_NAME)";
				SWIFT_EMIT_LOC_STRINGS = YES;
				SWIFT_VERSION = 5.0;
				TARGETED_DEVICE_FAMILY = "1,2";
			};
			name = Debug;
		};
		FF0C6AEC2C630DDE006A527B /* Release */ = {
			isa = XCBuildConfiguration;
			buildSettings = {
				ASSETCATALOG_COMPILER_APPICON_NAME = AppIcon;
				ASSETCATALOG_COMPILER_GLOBAL_ACCENT_COLOR_NAME = AccentColor;
				CODE_SIGN_STYLE = Automatic;
				CURRENT_PROJECT_VERSION = 1;
				DEVELOPMENT_ASSET_PATHS = "\"WindmillWaterV5/Preview Content\"";
				ENABLE_PREVIEWS = YES;
				GENERATE_INFOPLIST_FILE = YES;
				INFOPLIST_KEY_UIApplicationSceneManifest_Generation = YES;
				INFOPLIST_KEY_UIApplicationSupportsIndirectInputEvents = YES;
				INFOPLIST_KEY_UILaunchScreen_Generation = YES;
				INFOPLIST_KEY_UISupportedInterfaceOrientations_iPad = "UIInterfaceOrientationPortrait UIInterfaceOrientationPortraitUpsideDown UIInterfaceOrientationLandscapeLeft UIInterfaceOrientationLandscapeRight";
				INFOPLIST_KEY_UISupportedInterfaceOrientations_iPhone = "UIInterfaceOrientationPortrait UIInterfaceOrientationLandscapeLeft UIInterfaceOrientationLandscapeRight";
				LD_RUNPATH_SEARCH_PATHS = (
					"$(inherited)",
					"@executable_path/Frameworks",
				);
				MARKETING_VERSION = 1.0;
				PRODUCT_BUNDLE_IDENTIFIER = "Windmill-Water.WindmillWaterV5";
				PRODUCT_NAME = "$(TARGET_NAME)";
				SWIFT_EMIT_LOC_STRINGS = YES;
				SWIFT_VERSION = 5.0;
				TARGETED_DEVICE_FAMILY = "1,2";
			};
			name = Release;
		};
/* End XCBuildConfiguration section */

/* Begin XCConfigurationList section */
		FF0C6AD22C630DDC006A527B /* Build configuration list for PBXProject "WindmillWaterV5" */ = {
			isa = XCConfigurationList;
			buildConfigurations = (
				FF0C6AE82C630DDE006A527B /* Debug */,
				FF0C6AE92C630DDE006A527B /* Release */,
			);
			defaultConfigurationIsVisible = 0;
			defaultConfigurationName = Release;
		};
		FF0C6AEA2C630DDE006A527B /* Build configuration list for PBXNativeTarget "WindmillWaterV5" */ = {
			isa = XCConfigurationList;
			buildConfigurations = (
				FF0C6AEB2C630DDE006A527B /* Debug */,
				FF0C6AEC2C630DDE006A527B /* Release */,
			);
			defaultConfigurationIsVisible = 0;
			defaultConfigurationName = Release;
		};
/* End XCConfigurationList section */

/* Begin XCRemoteSwiftPackageReference section */
		FF0C6AED2C630EAD006A527B /* XCRemoteSwiftPackageReference "firebase-ios-sdk" */ = {
			isa = XCRemoteSwiftPackageReference;
			repositoryURL = "https://github.com/firebase/firebase-ios-sdk";
			requirement = {
				kind = upToNextMajorVersion;
				minimumVersion = 11.0.0;
			};
		};
/* End XCRemoteSwiftPackageReference section */

/* Begin XCSwiftPackageProductDependency section */
		FF0C6AEE2C630EAD006A527B /* FirebaseAnalytics */ = {
			isa = XCSwiftPackageProductDependency;
			package = FF0C6AED2C630EAD006A527B /* XCRemoteSwiftPackageReference "firebase-ios-sdk" */;
			productName = FirebaseAnalytics;
		};
		FF0C6AF02C630EAD006A527B /* FirebaseAnalyticsOnDeviceConversion */ = {
			isa = XCSwiftPackageProductDependency;
			package = FF0C6AED2C630EAD006A527B /* XCRemoteSwiftPackageReference "firebase-ios-sdk" */;
			productName = FirebaseAnalyticsOnDeviceConversion;
		};
		FF0C6AF22C630EAD006A527B /* FirebaseAnalyticsWithoutAdIdSupport */ = {
			isa = XCSwiftPackageProductDependency;
			package = FF0C6AED2C630EAD006A527B /* XCRemoteSwiftPackageReference "firebase-ios-sdk" */;
			productName = FirebaseAnalyticsWithoutAdIdSupport;
		};
		FF0C6AF42C630EAD006A527B /* FirebaseAppCheck */ = {
			isa = XCSwiftPackageProductDependency;
			package = FF0C6AED2C630EAD006A527B /* XCRemoteSwiftPackageReference "firebase-ios-sdk" */;
			productName = FirebaseAppCheck;
		};
		FF0C6AF62C630EAD006A527B /* FirebaseAppDistribution-Beta */ = {
			isa = XCSwiftPackageProductDependency;
			package = FF0C6AED2C630EAD006A527B /* XCRemoteSwiftPackageReference "firebase-ios-sdk" */;
			productName = "FirebaseAppDistribution-Beta";
		};
		FF0C6AF82C630EAD006A527B /* FirebaseAuth */ = {
			isa = XCSwiftPackageProductDependency;
			package = FF0C6AED2C630EAD006A527B /* XCRemoteSwiftPackageReference "firebase-ios-sdk" */;
			productName = FirebaseAuth;
		};
		FF0C6AFA2C630EAD006A527B /* FirebaseAuthCombine-Community */ = {
			isa = XCSwiftPackageProductDependency;
			package = FF0C6AED2C630EAD006A527B /* XCRemoteSwiftPackageReference "firebase-ios-sdk" */;
			productName = "FirebaseAuthCombine-Community";
		};
		FF0C6AFC2C630EAD006A527B /* FirebaseCrashlytics */ = {
			isa = XCSwiftPackageProductDependency;
			package = FF0C6AED2C630EAD006A527B /* XCRemoteSwiftPackageReference "firebase-ios-sdk" */;
			productName = FirebaseCrashlytics;
		};
		FF0C6AFE2C630EAD006A527B /* FirebaseDatabase */ = {
			isa = XCSwiftPackageProductDependency;
			package = FF0C6AED2C630EAD006A527B /* XCRemoteSwiftPackageReference "firebase-ios-sdk" */;
			productName = FirebaseDatabase;
		};
		FF0C6B002C630EAD006A527B /* FirebaseDynamicLinks */ = {
			isa = XCSwiftPackageProductDependency;
			package = FF0C6AED2C630EAD006A527B /* XCRemoteSwiftPackageReference "firebase-ios-sdk" */;
			productName = FirebaseDynamicLinks;
		};
		FF0C6B022C630EAD006A527B /* FirebaseFirestore */ = {
			isa = XCSwiftPackageProductDependency;
			package = FF0C6AED2C630EAD006A527B /* XCRemoteSwiftPackageReference "firebase-ios-sdk" */;
			productName = FirebaseFirestore;
		};
		FF0C6B042C630EAD006A527B /* FirebaseFirestoreCombine-Community */ = {
			isa = XCSwiftPackageProductDependency;
			package = FF0C6AED2C630EAD006A527B /* XCRemoteSwiftPackageReference "firebase-ios-sdk" */;
			productName = "FirebaseFirestoreCombine-Community";
		};
		FF0C6B062C630EAD006A527B /* FirebaseFunctions */ = {
			isa = XCSwiftPackageProductDependency;
			package = FF0C6AED2C630EAD006A527B /* XCRemoteSwiftPackageReference "firebase-ios-sdk" */;
			productName = FirebaseFunctions;
		};
		FF0C6B082C630EAD006A527B /* FirebaseFunctionsCombine-Community */ = {
			isa = XCSwiftPackageProductDependency;
			package = FF0C6AED2C630EAD006A527B /* XCRemoteSwiftPackageReference "firebase-ios-sdk" */;
			productName = "FirebaseFunctionsCombine-Community";
		};
		FF0C6B0A2C630EAD006A527B /* FirebaseInAppMessaging-Beta */ = {
			isa = XCSwiftPackageProductDependency;
			package = FF0C6AED2C630EAD006A527B /* XCRemoteSwiftPackageReference "firebase-ios-sdk" */;
			productName = "FirebaseInAppMessaging-Beta";
		};
		FF0C6B0C2C630EAD006A527B /* FirebaseInstallations */ = {
			isa = XCSwiftPackageProductDependency;
			package = FF0C6AED2C630EAD006A527B /* XCRemoteSwiftPackageReference "firebase-ios-sdk" */;
			productName = FirebaseInstallations;
		};
		FF0C6B0E2C630EAD006A527B /* FirebaseMLModelDownloader */ = {
			isa = XCSwiftPackageProductDependency;
			package = FF0C6AED2C630EAD006A527B /* XCRemoteSwiftPackageReference "firebase-ios-sdk" */;
			productName = FirebaseMLModelDownloader;
		};
		FF0C6B102C630EAD006A527B /* FirebaseMessaging */ = {
			isa = XCSwiftPackageProductDependency;
			package = FF0C6AED2C630EAD006A527B /* XCRemoteSwiftPackageReference "firebase-ios-sdk" */;
			productName = FirebaseMessaging;
		};
		FF0C6B122C630EAD006A527B /* FirebasePerformance */ = {
			isa = XCSwiftPackageProductDependency;
			package = FF0C6AED2C630EAD006A527B /* XCRemoteSwiftPackageReference "firebase-ios-sdk" */;
			productName = FirebasePerformance;
		};
		FF0C6B142C630EAD006A527B /* FirebaseRemoteConfig */ = {
			isa = XCSwiftPackageProductDependency;
			package = FF0C6AED2C630EAD006A527B /* XCRemoteSwiftPackageReference "firebase-ios-sdk" */;
			productName = FirebaseRemoteConfig;
		};
		FF0C6B162C630EAD006A527B /* FirebaseStorage */ = {
			isa = XCSwiftPackageProductDependency;
			package = FF0C6AED2C630EAD006A527B /* XCRemoteSwiftPackageReference "firebase-ios-sdk" */;
			productName = FirebaseStorage;
		};
		FF0C6B182C630EAD006A527B /* FirebaseStorageCombine-Community */ = {
			isa = XCSwiftPackageProductDependency;
			package = FF0C6AED2C630EAD006A527B /* XCRemoteSwiftPackageReference "firebase-ios-sdk" */;
			productName = "FirebaseStorageCombine-Community";
		};
		FF0C6B1A2C630EAD006A527B /* FirebaseVertexAI-Preview */ = {
			isa = XCSwiftPackageProductDependency;
			package = FF0C6AED2C630EAD006A527B /* XCRemoteSwiftPackageReference "firebase-ios-sdk" */;
			productName = "FirebaseVertexAI-Preview";
		};
/* End XCSwiftPackageProductDependency section */

/* Begin XCVersionGroup section */
		FF0C6AE52C630DDE006A527B /* WindmillWaterV5.xcdatamodeld */ = {
			isa = XCVersionGroup;
			children = (
				FF0C6AE62C630DDE006A527B /* WindmillWaterV5.xcdatamodel */,
			);
			currentVersion = FF0C6AE62C630DDE006A527B /* WindmillWaterV5.xcdatamodel */;
			path = WindmillWaterV5.xcdatamodeld;
			sourceTree = "<group>";
			versionGroupType = wrapper.xcdatamodel;
		};
/* End XCVersionGroup section */
	};
	rootObject = FF0C6ACF2C630DDC006A527B /* Project object */;
}
